// !$*UTF8*$!
{
	archiveVersion = 1;
	classes = {
	};
	objectVersion = 46;
	objects = {

/* Begin PBXBuildFile section */
		1C78D4791F0CC243008293C0 /* AppDelegate.swift in Sources */ = {isa = PBXBuildFile; fileRef = 1C78D4781F0CC243008293C0 /* AppDelegate.swift */; };
		1C78D47E1F0CC243008293C0 /* Main.storyboard in Resources */ = {isa = PBXBuildFile; fileRef = 1C78D47C1F0CC243008293C0 /* Main.storyboard */; };
		1C78D4811F0CC243008293C0 /* GraffitiBoard.xcdatamodeld in Sources */ = {isa = PBXBuildFile; fileRef = 1C78D47F1F0CC243008293C0 /* GraffitiBoard.xcdatamodeld */; };
		1C78D4831F0CC243008293C0 /* Assets.xcassets in Resources */ = {isa = PBXBuildFile; fileRef = 1C78D4821F0CC243008293C0 /* Assets.xcassets */; };
		1C78D4861F0CC243008293C0 /* LaunchScreen.storyboard in Resources */ = {isa = PBXBuildFile; fileRef = 1C78D4841F0CC243008293C0 /* LaunchScreen.storyboard */; };
		1C78D4911F0CC243008293C0 /* GraffitiBoardTests.swift in Sources */ = {isa = PBXBuildFile; fileRef = 1C78D4901F0CC243008293C0 /* GraffitiBoardTests.swift */; };
		1C78D49C1F0CC272008293C0 /* GoogleService-Info.plist in Resources */ = {isa = PBXBuildFile; fileRef = 1C78D49B1F0CC272008293C0 /* GoogleService-Info.plist */; };
		1C78D4B11F0E2B6B008293C0 /* FBInterface.swift in Sources */ = {isa = PBXBuildFile; fileRef = 1C78D4AA1F0E2B6B008293C0 /* FBInterface.swift */; };
		1C78D4B21F0E2B6B008293C0 /* GBNavigation.swift in Sources */ = {isa = PBXBuildFile; fileRef = 1C78D4AB1F0E2B6B008293C0 /* GBNavigation.swift */; };
		1C78D4B31F0E2B6B008293C0 /* GBUtils.swift in Sources */ = {isa = PBXBuildFile; fileRef = 1C78D4AC1F0E2B6B008293C0 /* GBUtils.swift */; };
		1C78D4B41F0E2B6B008293C0 /* GBLoginViewController.swift in Sources */ = {isa = PBXBuildFile; fileRef = 1C78D4AE1F0E2B6B008293C0 /* GBLoginViewController.swift */; };
		1C78D4B51F0E2B6B008293C0 /* GBMainViewController.swift in Sources */ = {isa = PBXBuildFile; fileRef = 1C78D4AF1F0E2B6B008293C0 /* GBMainViewController.swift */; };
		1C78D4B61F0E2B6B008293C0 /* GBSettingViewController.swift in Sources */ = {isa = PBXBuildFile; fileRef = 1C78D4B01F0E2B6B008293C0 /* GBSettingViewController.swift */; };
		1C78D4B81F0E2BF6008293C0 /* GBProfileInfo.swift in Sources */ = {isa = PBXBuildFile; fileRef = 1C78D4B71F0E2BF6008293C0 /* GBProfileInfo.swift */; };
		1CD2D2AD1F0F3F4800A8760E /* GBDrawingViewController.swift in Sources */ = {isa = PBXBuildFile; fileRef = 1CD2D2AC1F0F3F4800A8760E /* GBDrawingViewController.swift */; };
		1CD2D2AF1F0F54F400A8760E /* GBTestViewController.swift in Sources */ = {isa = PBXBuildFile; fileRef = 1CD2D2AE1F0F54F400A8760E /* GBTestViewController.swift */; };
		1CEB53D51F1CB0E5003F9CE5 /* GBPaletteView.swift in Sources */ = {isa = PBXBuildFile; fileRef = 1CEB53D41F1CB0E5003F9CE5 /* GBPaletteView.swift */; };
		1CEB53D71F1CB107003F9CE5 /* GBPaletteView.xib in Resources */ = {isa = PBXBuildFile; fileRef = 1CEB53D61F1CB107003F9CE5 /* GBPaletteView.xib */; };
		1CEB53DA1F1DC385003F9CE5 /* GBPaletteColorCell.swift in Sources */ = {isa = PBXBuildFile; fileRef = 1CEB53D81F1DC385003F9CE5 /* GBPaletteColorCell.swift */; };
		1CEB53DB1F1DC385003F9CE5 /* GBPaletteColorCell.xib in Resources */ = {isa = PBXBuildFile; fileRef = 1CEB53D91F1DC385003F9CE5 /* GBPaletteColorCell.xib */; };
		1CEB53DE1F1DE67C003F9CE5 /* GBPaletteThicknessCell.swift in Sources */ = {isa = PBXBuildFile; fileRef = 1CEB53DC1F1DE67C003F9CE5 /* GBPaletteThicknessCell.swift */; };
		1CEB53DF1F1DE67C003F9CE5 /* GBPaletteThicknessCell.xib in Resources */ = {isa = PBXBuildFile; fileRef = 1CEB53DD1F1DE67C003F9CE5 /* GBPaletteThicknessCell.xib */; };
		1CEB53E11F1E09C6003F9CE5 /* GBPaletteThickFlowLayout.swift in Sources */ = {isa = PBXBuildFile; fileRef = 1CEB53E01F1E09C6003F9CE5 /* GBPaletteThickFlowLayout.swift */; };
		725F11D8BE9E909C64D6731B /* Pods_GraffitiBoard.framework in Frameworks */ = {isa = PBXBuildFile; fileRef = BE48F03CD85328B74B765343 /* Pods_GraffitiBoard.framework */; };
		ED743A788D24A6FF1A3B7BF0 /* Pods_GraffitiBoardTests.framework in Frameworks */ = {isa = PBXBuildFile; fileRef = 647809D23BF89856F0B3D433 /* Pods_GraffitiBoardTests.framework */; };
/* End PBXBuildFile section */

/* Begin PBXContainerItemProxy section */
		1C78D48D1F0CC243008293C0 /* PBXContainerItemProxy */ = {
			isa = PBXContainerItemProxy;
			containerPortal = 1C78D46D1F0CC243008293C0 /* Project object */;
			proxyType = 1;
			remoteGlobalIDString = 1C78D4741F0CC243008293C0;
			remoteInfo = GraffitiBoard;
		};
/* End PBXContainerItemProxy section */

/* Begin PBXFileReference section */
		1C78D4751F0CC243008293C0 /* GraffitiBoard.app */ = {isa = PBXFileReference; explicitFileType = wrapper.application; includeInIndex = 0; path = GraffitiBoard.app; sourceTree = BUILT_PRODUCTS_DIR; };
		1C78D4781F0CC243008293C0 /* AppDelegate.swift */ = {isa = PBXFileReference; lastKnownFileType = sourcecode.swift; path = AppDelegate.swift; sourceTree = "<group>"; };
		1C78D47D1F0CC243008293C0 /* Base */ = {isa = PBXFileReference; lastKnownFileType = file.storyboard; name = Base; path = Base.lproj/Main.storyboard; sourceTree = "<group>"; };
		1C78D4801F0CC243008293C0 /* GraffitiBoard.xcdatamodel */ = {isa = PBXFileReference; lastKnownFileType = wrapper.xcdatamodel; path = GraffitiBoard.xcdatamodel; sourceTree = "<group>"; };
		1C78D4821F0CC243008293C0 /* Assets.xcassets */ = {isa = PBXFileReference; lastKnownFileType = folder.assetcatalog; path = Assets.xcassets; sourceTree = "<group>"; };
		1C78D4851F0CC243008293C0 /* Base */ = {isa = PBXFileReference; lastKnownFileType = file.storyboard; name = Base; path = Base.lproj/LaunchScreen.storyboard; sourceTree = "<group>"; };
		1C78D4871F0CC243008293C0 /* Info.plist */ = {isa = PBXFileReference; lastKnownFileType = text.plist.xml; path = Info.plist; sourceTree = "<group>"; };
		1C78D48C1F0CC243008293C0 /* GraffitiBoardTests.xctest */ = {isa = PBXFileReference; explicitFileType = wrapper.cfbundle; includeInIndex = 0; path = GraffitiBoardTests.xctest; sourceTree = BUILT_PRODUCTS_DIR; };
		1C78D4901F0CC243008293C0 /* GraffitiBoardTests.swift */ = {isa = PBXFileReference; lastKnownFileType = sourcecode.swift; path = GraffitiBoardTests.swift; sourceTree = "<group>"; };
		1C78D4921F0CC243008293C0 /* Info.plist */ = {isa = PBXFileReference; lastKnownFileType = text.plist.xml; path = Info.plist; sourceTree = "<group>"; };
		1C78D49B1F0CC272008293C0 /* GoogleService-Info.plist */ = {isa = PBXFileReference; fileEncoding = 4; lastKnownFileType = text.plist.xml; path = "GoogleService-Info.plist"; sourceTree = "<group>"; };
		1C78D4AA1F0E2B6B008293C0 /* FBInterface.swift */ = {isa = PBXFileReference; fileEncoding = 4; lastKnownFileType = sourcecode.swift; path = FBInterface.swift; sourceTree = "<group>"; };
		1C78D4AB1F0E2B6B008293C0 /* GBNavigation.swift */ = {isa = PBXFileReference; fileEncoding = 4; lastKnownFileType = sourcecode.swift; path = GBNavigation.swift; sourceTree = "<group>"; };
		1C78D4AC1F0E2B6B008293C0 /* GBUtils.swift */ = {isa = PBXFileReference; fileEncoding = 4; lastKnownFileType = sourcecode.swift; path = GBUtils.swift; sourceTree = "<group>"; };
		1C78D4AE1F0E2B6B008293C0 /* GBLoginViewController.swift */ = {isa = PBXFileReference; fileEncoding = 4; lastKnownFileType = sourcecode.swift; path = GBLoginViewController.swift; sourceTree = "<group>"; };
		1C78D4AF1F0E2B6B008293C0 /* GBMainViewController.swift */ = {isa = PBXFileReference; fileEncoding = 4; lastKnownFileType = sourcecode.swift; path = GBMainViewController.swift; sourceTree = "<group>"; };
		1C78D4B01F0E2B6B008293C0 /* GBSettingViewController.swift */ = {isa = PBXFileReference; fileEncoding = 4; lastKnownFileType = sourcecode.swift; path = GBSettingViewController.swift; sourceTree = "<group>"; };
		1C78D4B71F0E2BF6008293C0 /* GBProfileInfo.swift */ = {isa = PBXFileReference; fileEncoding = 4; lastKnownFileType = sourcecode.swift; path = GBProfileInfo.swift; sourceTree = "<group>"; };
		1CD2D2AC1F0F3F4800A8760E /* GBDrawingViewController.swift */ = {isa = PBXFileReference; fileEncoding = 4; lastKnownFileType = sourcecode.swift; path = GBDrawingViewController.swift; sourceTree = "<group>"; };
		1CD2D2AE1F0F54F400A8760E /* GBTestViewController.swift */ = {isa = PBXFileReference; fileEncoding = 4; lastKnownFileType = sourcecode.swift; path = GBTestViewController.swift; sourceTree = "<group>"; };
		1CEB53D41F1CB0E5003F9CE5 /* GBPaletteView.swift */ = {isa = PBXFileReference; fileEncoding = 4; lastKnownFileType = sourcecode.swift; path = GBPaletteView.swift; sourceTree = "<group>"; };
		1CEB53D61F1CB107003F9CE5 /* GBPaletteView.xib */ = {isa = PBXFileReference; fileEncoding = 4; lastKnownFileType = file.xib; path = GBPaletteView.xib; sourceTree = "<group>"; };
		1CEB53D81F1DC385003F9CE5 /* GBPaletteColorCell.swift */ = {isa = PBXFileReference; fileEncoding = 4; lastKnownFileType = sourcecode.swift; path = GBPaletteColorCell.swift; sourceTree = "<group>"; };
		1CEB53D91F1DC385003F9CE5 /* GBPaletteColorCell.xib */ = {isa = PBXFileReference; fileEncoding = 4; lastKnownFileType = file.xib; path = GBPaletteColorCell.xib; sourceTree = "<group>"; };
		1CEB53DC1F1DE67C003F9CE5 /* GBPaletteThicknessCell.swift */ = {isa = PBXFileReference; fileEncoding = 4; lastKnownFileType = sourcecode.swift; path = GBPaletteThicknessCell.swift; sourceTree = "<group>"; };
		1CEB53DD1F1DE67C003F9CE5 /* GBPaletteThicknessCell.xib */ = {isa = PBXFileReference; fileEncoding = 4; lastKnownFileType = file.xib; path = GBPaletteThicknessCell.xib; sourceTree = "<group>"; };
		1CEB53E01F1E09C6003F9CE5 /* GBPaletteThickFlowLayout.swift */ = {isa = PBXFileReference; fileEncoding = 4; lastKnownFileType = sourcecode.swift; path = GBPaletteThickFlowLayout.swift; sourceTree = "<group>"; };
		2141502B7C1AB5967F4F2F6A /* Pods-GraffitiBoard.debug.xcconfig */ = {isa = PBXFileReference; includeInIndex = 1; lastKnownFileType = text.xcconfig; name = "Pods-GraffitiBoard.debug.xcconfig"; path = "Pods/Target Support Files/Pods-GraffitiBoard/Pods-GraffitiBoard.debug.xcconfig"; sourceTree = "<group>"; };
		647809D23BF89856F0B3D433 /* Pods_GraffitiBoardTests.framework */ = {isa = PBXFileReference; explicitFileType = wrapper.framework; includeInIndex = 0; path = Pods_GraffitiBoardTests.framework; sourceTree = BUILT_PRODUCTS_DIR; };
		9917A323A3A7BD4CDEF6A874 /* Pods-GraffitiBoard.release.xcconfig */ = {isa = PBXFileReference; includeInIndex = 1; lastKnownFileType = text.xcconfig; name = "Pods-GraffitiBoard.release.xcconfig"; path = "Pods/Target Support Files/Pods-GraffitiBoard/Pods-GraffitiBoard.release.xcconfig"; sourceTree = "<group>"; };
		9CDE0E16D2107FF6657A7E3F /* Pods-GraffitiBoardTests.release.xcconfig */ = {isa = PBXFileReference; includeInIndex = 1; lastKnownFileType = text.xcconfig; name = "Pods-GraffitiBoardTests.release.xcconfig"; path = "Pods/Target Support Files/Pods-GraffitiBoardTests/Pods-GraffitiBoardTests.release.xcconfig"; sourceTree = "<group>"; };
		BE48F03CD85328B74B765343 /* Pods_GraffitiBoard.framework */ = {isa = PBXFileReference; explicitFileType = wrapper.framework; includeInIndex = 0; path = Pods_GraffitiBoard.framework; sourceTree = BUILT_PRODUCTS_DIR; };
		E9C705D2344380E7A562CDF7 /* Pods-GraffitiBoardTests.debug.xcconfig */ = {isa = PBXFileReference; includeInIndex = 1; lastKnownFileType = text.xcconfig; name = "Pods-GraffitiBoardTests.debug.xcconfig"; path = "Pods/Target Support Files/Pods-GraffitiBoardTests/Pods-GraffitiBoardTests.debug.xcconfig"; sourceTree = "<group>"; };
/* End PBXFileReference section */

/* Begin PBXFrameworksBuildPhase section */
		1C78D4721F0CC243008293C0 /* Frameworks */ = {
			isa = PBXFrameworksBuildPhase;
			buildActionMask = 2147483647;
			files = (
				725F11D8BE9E909C64D6731B /* Pods_GraffitiBoard.framework in Frameworks */,
			);
			runOnlyForDeploymentPostprocessing = 0;
		};
		1C78D4891F0CC243008293C0 /* Frameworks */ = {
			isa = PBXFrameworksBuildPhase;
			buildActionMask = 2147483647;
			files = (
				ED743A788D24A6FF1A3B7BF0 /* Pods_GraffitiBoardTests.framework in Frameworks */,
			);
			runOnlyForDeploymentPostprocessing = 0;
		};
/* End PBXFrameworksBuildPhase section */

/* Begin PBXGroup section */
		1C78D46C1F0CC243008293C0 = {
			isa = PBXGroup;
			children = (
				1C78D4771F0CC243008293C0 /* GraffitiBoard */,
				1C78D48F1F0CC243008293C0 /* GraffitiBoardTests */,
				1C78D4761F0CC243008293C0 /* Products */,
				7E4426ECE32729348595C1F1 /* Pods */,
				D5AB533AE45D435E065575BC /* Frameworks */,
			);
			sourceTree = "<group>";
		};
		1C78D4761F0CC243008293C0 /* Products */ = {
			isa = PBXGroup;
			children = (
				1C78D4751F0CC243008293C0 /* GraffitiBoard.app */,
				1C78D48C1F0CC243008293C0 /* GraffitiBoardTests.xctest */,
			);
			name = Products;
			sourceTree = "<group>";
		};
		1C78D4771F0CC243008293C0 /* GraffitiBoard */ = {
			isa = PBXGroup;
			children = (
				1CEB53D31F1CB0D1003F9CE5 /* CustomView */,
				1C78D4A91F0E2B6B008293C0 /* Logic */,
				1C78D4AD1F0E2B6B008293C0 /* ViewController */,
				1C78D4781F0CC243008293C0 /* AppDelegate.swift */,
				1C78D47C1F0CC243008293C0 /* Main.storyboard */,
				1C78D4821F0CC243008293C0 /* Assets.xcassets */,
				1C78D4841F0CC243008293C0 /* LaunchScreen.storyboard */,
				1C78D4871F0CC243008293C0 /* Info.plist */,
				1C78D47F1F0CC243008293C0 /* GraffitiBoard.xcdatamodeld */,
				1C78D49B1F0CC272008293C0 /* GoogleService-Info.plist */,
			);
			path = GraffitiBoard;
			sourceTree = "<group>";
		};
		1C78D48F1F0CC243008293C0 /* GraffitiBoardTests */ = {
			isa = PBXGroup;
			children = (
				1C78D4901F0CC243008293C0 /* GraffitiBoardTests.swift */,
				1C78D4921F0CC243008293C0 /* Info.plist */,
			);
			path = GraffitiBoardTests;
			sourceTree = "<group>";
		};
		1C78D4A91F0E2B6B008293C0 /* Logic */ = {
			isa = PBXGroup;
			children = (
				1C78D4B71F0E2BF6008293C0 /* GBProfileInfo.swift */,
				1C78D4AA1F0E2B6B008293C0 /* FBInterface.swift */,
				1C78D4AB1F0E2B6B008293C0 /* GBNavigation.swift */,
				1C78D4AC1F0E2B6B008293C0 /* GBUtils.swift */,
			);
			path = Logic;
			sourceTree = "<group>";
		};
		1C78D4AD1F0E2B6B008293C0 /* ViewController */ = {
			isa = PBXGroup;
			children = (
				1C78D4AE1F0E2B6B008293C0 /* GBLoginViewController.swift */,
				1C78D4AF1F0E2B6B008293C0 /* GBMainViewController.swift */,
				1C78D4B01F0E2B6B008293C0 /* GBSettingViewController.swift */,
				1CD2D2AC1F0F3F4800A8760E /* GBDrawingViewController.swift */,
				1CD2D2AE1F0F54F400A8760E /* GBTestViewController.swift */,
			);
			path = ViewController;
			sourceTree = "<group>";
		};
		1CEB53D31F1CB0D1003F9CE5 /* CustomView */ = {
			isa = PBXGroup;
			children = (
				1CEB53D41F1CB0E5003F9CE5 /* GBPaletteView.swift */,
				1CEB53D61F1CB107003F9CE5 /* GBPaletteView.xib */,
				1CEB53D81F1DC385003F9CE5 /* GBPaletteColorCell.swift */,
				1CEB53D91F1DC385003F9CE5 /* GBPaletteColorCell.xib */,
				1CEB53DC1F1DE67C003F9CE5 /* GBPaletteThicknessCell.swift */,
				1CEB53DD1F1DE67C003F9CE5 /* GBPaletteThicknessCell.xib */,
				1CEB53E01F1E09C6003F9CE5 /* GBPaletteThickFlowLayout.swift */,
			);
			path = CustomView;
			sourceTree = "<group>";
		};
		7E4426ECE32729348595C1F1 /* Pods */ = {
			isa = PBXGroup;
			children = (
				2141502B7C1AB5967F4F2F6A /* Pods-GraffitiBoard.debug.xcconfig */,
				9917A323A3A7BD4CDEF6A874 /* Pods-GraffitiBoard.release.xcconfig */,
				E9C705D2344380E7A562CDF7 /* Pods-GraffitiBoardTests.debug.xcconfig */,
				9CDE0E16D2107FF6657A7E3F /* Pods-GraffitiBoardTests.release.xcconfig */,
			);
			name = Pods;
			sourceTree = "<group>";
		};
		D5AB533AE45D435E065575BC /* Frameworks */ = {
			isa = PBXGroup;
			children = (
				BE48F03CD85328B74B765343 /* Pods_GraffitiBoard.framework */,
				647809D23BF89856F0B3D433 /* Pods_GraffitiBoardTests.framework */,
			);
			name = Frameworks;
			sourceTree = "<group>";
		};
/* End PBXGroup section */

/* Begin PBXNativeTarget section */
		1C78D4741F0CC243008293C0 /* GraffitiBoard */ = {
			isa = PBXNativeTarget;
			buildConfigurationList = 1C78D4951F0CC243008293C0 /* Build configuration list for PBXNativeTarget "GraffitiBoard" */;
			buildPhases = (
				96F9EF9B20C242B61CEA52B9 /* [CP] Check Pods Manifest.lock */,
				1C78D4711F0CC243008293C0 /* Sources */,
				1C78D4721F0CC243008293C0 /* Frameworks */,
				1C78D4731F0CC243008293C0 /* Resources */,
				C0680E11EE4E26DDDC1CA2D6 /* [CP] Embed Pods Frameworks */,
				2996866A746228231D33831C /* [CP] Copy Pods Resources */,
			);
			buildRules = (
			);
			dependencies = (
			);
			name = GraffitiBoard;
			productName = GraffitiBoard;
			productReference = 1C78D4751F0CC243008293C0 /* GraffitiBoard.app */;
			productType = "com.apple.product-type.application";
		};
		1C78D48B1F0CC243008293C0 /* GraffitiBoardTests */ = {
			isa = PBXNativeTarget;
			buildConfigurationList = 1C78D4981F0CC243008293C0 /* Build configuration list for PBXNativeTarget "GraffitiBoardTests" */;
			buildPhases = (
				CBC207F8401220B2EE2519E5 /* [CP] Check Pods Manifest.lock */,
				1C78D4881F0CC243008293C0 /* Sources */,
				1C78D4891F0CC243008293C0 /* Frameworks */,
				1C78D48A1F0CC243008293C0 /* Resources */,
				A4BB3F304D1C19B93F576278 /* [CP] Embed Pods Frameworks */,
				83B0FF3BBFA82F2BCB2019A6 /* [CP] Copy Pods Resources */,
			);
			buildRules = (
			);
			dependencies = (
				1C78D48E1F0CC243008293C0 /* PBXTargetDependency */,
			);
			name = GraffitiBoardTests;
			productName = GraffitiBoardTests;
			productReference = 1C78D48C1F0CC243008293C0 /* GraffitiBoardTests.xctest */;
			productType = "com.apple.product-type.bundle.unit-test";
		};
/* End PBXNativeTarget section */

/* Begin PBXProject section */
		1C78D46D1F0CC243008293C0 /* Project object */ = {
			isa = PBXProject;
			attributes = {
				LastSwiftUpdateCheck = 0830;
				LastUpgradeCheck = 0830;
				ORGANIZATIONNAME = "jeongkyu kim";
				TargetAttributes = {
					1C78D4741F0CC243008293C0 = {
						CreatedOnToolsVersion = 8.3.3;
						DevelopmentTeam = LESN4U5NE7;
						ProvisioningStyle = Automatic;
					};
					1C78D48B1F0CC243008293C0 = {
						CreatedOnToolsVersion = 8.3.3;
						DevelopmentTeam = LESN4U5NE7;
						ProvisioningStyle = Automatic;
						TestTargetID = 1C78D4741F0CC243008293C0;
					};
				};
			};
			buildConfigurationList = 1C78D4701F0CC243008293C0 /* Build configuration list for PBXProject "GraffitiBoard" */;
			compatibilityVersion = "Xcode 3.2";
			developmentRegion = English;
			hasScannedForEncodings = 0;
			knownRegions = (
				en,
				Base,
			);
			mainGroup = 1C78D46C1F0CC243008293C0;
			productRefGroup = 1C78D4761F0CC243008293C0 /* Products */;
			projectDirPath = "";
			projectRoot = "";
			targets = (
				1C78D4741F0CC243008293C0 /* GraffitiBoard */,
				1C78D48B1F0CC243008293C0 /* GraffitiBoardTests */,
			);
		};
/* End PBXProject section */

/* Begin PBXResourcesBuildPhase section */
		1C78D4731F0CC243008293C0 /* Resources */ = {
			isa = PBXResourcesBuildPhase;
			buildActionMask = 2147483647;
			files = (
				1C78D4861F0CC243008293C0 /* LaunchScreen.storyboard in Resources */,
				1CEB53D71F1CB107003F9CE5 /* GBPaletteView.xib in Resources */,
				1CEB53DF1F1DE67C003F9CE5 /* GBPaletteThicknessCell.xib in Resources */,
				1CEB53DB1F1DC385003F9CE5 /* GBPaletteColorCell.xib in Resources */,
				1C78D49C1F0CC272008293C0 /* GoogleService-Info.plist in Resources */,
				1C78D4831F0CC243008293C0 /* Assets.xcassets in Resources */,
				1C78D47E1F0CC243008293C0 /* Main.storyboard in Resources */,
			);
			runOnlyForDeploymentPostprocessing = 0;
		};
		1C78D48A1F0CC243008293C0 /* Resources */ = {
			isa = PBXResourcesBuildPhase;
			buildActionMask = 2147483647;
			files = (
			);
			runOnlyForDeploymentPostprocessing = 0;
		};
/* End PBXResourcesBuildPhase section */

/* Begin PBXShellScriptBuildPhase section */
		2996866A746228231D33831C /* [CP] Copy Pods Resources */ = {
			isa = PBXShellScriptBuildPhase;
			buildActionMask = 2147483647;
			files = (
			);
			inputPaths = (
			);
			name = "[CP] Copy Pods Resources";
			outputPaths = (
			);
			runOnlyForDeploymentPostprocessing = 0;
			shellPath = /bin/sh;
			shellScript = "\"${SRCROOT}/Pods/Target Support Files/Pods-GraffitiBoard/Pods-GraffitiBoard-resources.sh\"\n";
			showEnvVarsInLog = 0;
		};
		83B0FF3BBFA82F2BCB2019A6 /* [CP] Copy Pods Resources */ = {
			isa = PBXShellScriptBuildPhase;
			buildActionMask = 2147483647;
			files = (
			);
			inputPaths = (
			);
			name = "[CP] Copy Pods Resources";
			outputPaths = (
			);
			runOnlyForDeploymentPostprocessing = 0;
			shellPath = /bin/sh;
			shellScript = "\"${SRCROOT}/Pods/Target Support Files/Pods-GraffitiBoardTests/Pods-GraffitiBoardTests-resources.sh\"\n";
			showEnvVarsInLog = 0;
		};
		96F9EF9B20C242B61CEA52B9 /* [CP] Check Pods Manifest.lock */ = {
			isa = PBXShellScriptBuildPhase;
			buildActionMask = 2147483647;
			files = (
			);
			inputPaths = (
			);
			name = "[CP] Check Pods Manifest.lock";
			outputPaths = (
			);
			runOnlyForDeploymentPostprocessing = 0;
			shellPath = /bin/sh;
			shellScript = "diff \"${PODS_PODFILE_DIR_PATH}/Podfile.lock\" \"${PODS_ROOT}/Manifest.lock\" > /dev/null\nif [ $? != 0 ] ; then\n    # print error to STDERR\n    echo \"error: The sandbox is not in sync with the Podfile.lock. Run 'pod install' or update your CocoaPods installation.\" >&2\n    exit 1\nfi\n";
			showEnvVarsInLog = 0;
		};
		A4BB3F304D1C19B93F576278 /* [CP] Embed Pods Frameworks */ = {
			isa = PBXShellScriptBuildPhase;
			buildActionMask = 2147483647;
			files = (
			);
			inputPaths = (
			);
			name = "[CP] Embed Pods Frameworks";
			outputPaths = (
			);
			runOnlyForDeploymentPostprocessing = 0;
			shellPath = /bin/sh;
			shellScript = "\"${SRCROOT}/Pods/Target Support Files/Pods-GraffitiBoardTests/Pods-GraffitiBoardTests-frameworks.sh\"\n";
			showEnvVarsInLog = 0;
		};
		C0680E11EE4E26DDDC1CA2D6 /* [CP] Embed Pods Frameworks */ = {
			isa = PBXShellScriptBuildPhase;
			buildActionMask = 2147483647;
			files = (
			);
			inputPaths = (
			);
			name = "[CP] Embed Pods Frameworks";
			outputPaths = (
			);
			runOnlyForDeploymentPostprocessing = 0;
			shellPath = /bin/sh;
			shellScript = "\"${SRCROOT}/Pods/Target Support Files/Pods-GraffitiBoard/Pods-GraffitiBoard-frameworks.sh\"\n";
			showEnvVarsInLog = 0;
		};
		CBC207F8401220B2EE2519E5 /* [CP] Check Pods Manifest.lock */ = {
			isa = PBXShellScriptBuildPhase;
			buildActionMask = 2147483647;
			files = (
			);
			inputPaths = (
			);
			name = "[CP] Check Pods Manifest.lock";
			outputPaths = (
			);
			runOnlyForDeploymentPostprocessing = 0;
			shellPath = /bin/sh;
			shellScript = "diff \"${PODS_PODFILE_DIR_PATH}/Podfile.lock\" \"${PODS_ROOT}/Manifest.lock\" > /dev/null\nif [ $? != 0 ] ; then\n    # print error to STDERR\n    echo \"error: The sandbox is not in sync with the Podfile.lock. Run 'pod install' or update your CocoaPods installation.\" >&2\n    exit 1\nfi\n";
			showEnvVarsInLog = 0;
		};
/* End PBXShellScriptBuildPhase section */

/* Begin PBXSourcesBuildPhase section */
		1C78D4711F0CC243008293C0 /* Sources */ = {
			isa = PBXSourcesBuildPhase;
			buildActionMask = 2147483647;
			files = (
				1C78D4B61F0E2B6B008293C0 /* GBSettingViewController.swift in Sources */,
				1C78D4B11F0E2B6B008293C0 /* FBInterface.swift in Sources */,
				1CEB53E11F1E09C6003F9CE5 /* GBPaletteThickFlowLayout.swift in Sources */,
				1C78D4B51F0E2B6B008293C0 /* GBMainViewController.swift in Sources */,
				1C78D4B21F0E2B6B008293C0 /* GBNavigation.swift in Sources */,
				1C78D4B31F0E2B6B008293C0 /* GBUtils.swift in Sources */,
				1C78D4B81F0E2BF6008293C0 /* GBProfileInfo.swift in Sources */,
				1CEB53D51F1CB0E5003F9CE5 /* GBPaletteView.swift in Sources */,
				1CD2D2AD1F0F3F4800A8760E /* GBDrawingViewController.swift in Sources */,
				1CEB53DA1F1DC385003F9CE5 /* GBPaletteColorCell.swift in Sources */,
				1CD2D2AF1F0F54F400A8760E /* GBTestViewController.swift in Sources */,
				1C78D4791F0CC243008293C0 /* AppDelegate.swift in Sources */,
				1CEB53DE1F1DE67C003F9CE5 /* GBPaletteThicknessCell.swift in Sources */,
				1C78D4B41F0E2B6B008293C0 /* GBLoginViewController.swift in Sources */,
				1C78D4811F0CC243008293C0 /* GraffitiBoard.xcdatamodeld in Sources */,
			);
			runOnlyForDeploymentPostprocessing = 0;
		};
		1C78D4881F0CC243008293C0 /* Sources */ = {
			isa = PBXSourcesBuildPhase;
			buildActionMask = 2147483647;
			files = (
				1C78D4911F0CC243008293C0 /* GraffitiBoardTests.swift in Sources */,
			);
			runOnlyForDeploymentPostprocessing = 0;
		};
/* End PBXSourcesBuildPhase section */

/* Begin PBXTargetDependency section */
		1C78D48E1F0CC243008293C0 /* PBXTargetDependency */ = {
			isa = PBXTargetDependency;
			target = 1C78D4741F0CC243008293C0 /* GraffitiBoard */;
			targetProxy = 1C78D48D1F0CC243008293C0 /* PBXContainerItemProxy */;
		};
/* End PBXTargetDependency section */

/* Begin PBXVariantGroup section */
		1C78D47C1F0CC243008293C0 /* Main.storyboard */ = {
			isa = PBXVariantGroup;
			children = (
				1C78D47D1F0CC243008293C0 /* Base */,
			);
			name = Main.storyboard;
			sourceTree = "<group>";
		};
		1C78D4841F0CC243008293C0 /* LaunchScreen.storyboard */ = {
			isa = PBXVariantGroup;
			children = (
				1C78D4851F0CC243008293C0 /* Base */,
			);
			name = LaunchScreen.storyboard;
			sourceTree = "<group>";
		};
/* End PBXVariantGroup section */

/* Begin XCBuildConfiguration section */
		1C78D4931F0CC243008293C0 /* Debug */ = {
			isa = XCBuildConfiguration;
			buildSettings = {
				ALWAYS_SEARCH_USER_PATHS = NO;
				CLANG_ANALYZER_NONNULL = YES;
				CLANG_ANALYZER_NUMBER_OBJECT_CONVERSION = YES_AGGRESSIVE;
				CLANG_CXX_LANGUAGE_STANDARD = "gnu++0x";
				CLANG_CXX_LIBRARY = "libc++";
				CLANG_ENABLE_MODULES = YES;
				CLANG_ENABLE_OBJC_ARC = YES;
				CLANG_WARN_BOOL_CONVERSION = YES;
				CLANG_WARN_CONSTANT_CONVERSION = YES;
				CLANG_WARN_DIRECT_OBJC_ISA_USAGE = YES_ERROR;
				CLANG_WARN_DOCUMENTATION_COMMENTS = YES;
				CLANG_WARN_EMPTY_BODY = YES;
				CLANG_WARN_ENUM_CONVERSION = YES;
				CLANG_WARN_INFINITE_RECURSION = YES;
				CLANG_WARN_INT_CONVERSION = YES;
				CLANG_WARN_OBJC_ROOT_CLASS = YES_ERROR;
				CLANG_WARN_SUSPICIOUS_MOVE = YES;
				CLANG_WARN_UNREACHABLE_CODE = YES;
				CLANG_WARN__DUPLICATE_METHOD_MATCH = YES;
				"CODE_SIGN_IDENTITY[sdk=iphoneos*]" = "iPhone Developer";
				COPY_PHASE_STRIP = NO;
				DEBUG_INFORMATION_FORMAT = dwarf;
				ENABLE_STRICT_OBJC_MSGSEND = YES;
				ENABLE_TESTABILITY = YES;
				GCC_C_LANGUAGE_STANDARD = gnu99;
				GCC_DYNAMIC_NO_PIC = NO;
				GCC_NO_COMMON_BLOCKS = YES;
				GCC_OPTIMIZATION_LEVEL = 0;
				GCC_PREPROCESSOR_DEFINITIONS = (
					"DEBUG=1",
					"$(inherited)",
				);
				GCC_WARN_64_TO_32_BIT_CONVERSION = YES;
				GCC_WARN_ABOUT_RETURN_TYPE = YES_ERROR;
				GCC_WARN_UNDECLARED_SELECTOR = YES;
				GCC_WARN_UNINITIALIZED_AUTOS = YES_AGGRESSIVE;
				GCC_WARN_UNUSED_FUNCTION = YES;
				GCC_WARN_UNUSED_VARIABLE = YES;
				IPHONEOS_DEPLOYMENT_TARGET = 10.3;
				MTL_ENABLE_DEBUG_INFO = YES;
				ONLY_ACTIVE_ARCH = YES;
				SDKROOT = iphoneos;
				SWIFT_ACTIVE_COMPILATION_CONDITIONS = DEBUG;
				SWIFT_OPTIMIZATION_LEVEL = "-Onone";
				TARGETED_DEVICE_FAMILY = "1,2";
			};
			name = Debug;
		};
		1C78D4941F0CC243008293C0 /* Release */ = {
			isa = XCBuildConfiguration;
			buildSettings = {
				ALWAYS_SEARCH_USER_PATHS = NO;
				CLANG_ANALYZER_NONNULL = YES;
				CLANG_ANALYZER_NUMBER_OBJECT_CONVERSION = YES_AGGRESSIVE;
				CLANG_CXX_LANGUAGE_STANDARD = "gnu++0x";
				CLANG_CXX_LIBRARY = "libc++";
				CLANG_ENABLE_MODULES = YES;
				CLANG_ENABLE_OBJC_ARC = YES;
				CLANG_WARN_BOOL_CONVERSION = YES;
				CLANG_WARN_CONSTANT_CONVERSION = YES;
				CLANG_WARN_DIRECT_OBJC_ISA_USAGE = YES_ERROR;
				CLANG_WARN_DOCUMENTATION_COMMENTS = YES;
				CLANG_WARN_EMPTY_BODY = YES;
				CLANG_WARN_ENUM_CONVERSION = YES;
				CLANG_WARN_INFINITE_RECURSION = YES;
				CLANG_WARN_INT_CONVERSION = YES;
				CLANG_WARN_OBJC_ROOT_CLASS = YES_ERROR;
				CLANG_WARN_SUSPICIOUS_MOVE = YES;
				CLANG_WARN_UNREACHABLE_CODE = YES;
				CLANG_WARN__DUPLICATE_METHOD_MATCH = YES;
				"CODE_SIGN_IDENTITY[sdk=iphoneos*]" = "iPhone Developer";
				COPY_PHASE_STRIP = NO;
				DEBUG_INFORMATION_FORMAT = "dwarf-with-dsym";
				ENABLE_NS_ASSERTIONS = NO;
				ENABLE_STRICT_OBJC_MSGSEND = YES;
				GCC_C_LANGUAGE_STANDARD = gnu99;
				GCC_NO_COMMON_BLOCKS = YES;
				GCC_WARN_64_TO_32_BIT_CONVERSION = YES;
				GCC_WARN_ABOUT_RETURN_TYPE = YES_ERROR;
				GCC_WARN_UNDECLARED_SELECTOR = YES;
				GCC_WARN_UNINITIALIZED_AUTOS = YES_AGGRESSIVE;
				GCC_WARN_UNUSED_FUNCTION = YES;
				GCC_WARN_UNUSED_VARIABLE = YES;
				IPHONEOS_DEPLOYMENT_TARGET = 10.3;
				MTL_ENABLE_DEBUG_INFO = NO;
				SDKROOT = iphoneos;
				SWIFT_OPTIMIZATION_LEVEL = "-Owholemodule";
				TARGETED_DEVICE_FAMILY = "1,2";
				VALIDATE_PRODUCT = YES;
			};
			name = Release;
		};
		1C78D4961F0CC243008293C0 /* Debug */ = {
			isa = XCBuildConfiguration;
			baseConfigurationReference = 2141502B7C1AB5967F4F2F6A /* Pods-GraffitiBoard.debug.xcconfig */;
			buildSettings = {
				ASSETCATALOG_COMPILER_APPICON_NAME = AppIcon;
				DEVELOPMENT_TEAM = LESN4U5NE7;
				INFOPLIST_FILE = GraffitiBoard/Info.plist;
				LD_RUNPATH_SEARCH_PATHS = "$(inherited) @executable_path/Frameworks";
				PRODUCT_BUNDLE_IDENTIFIER = com.rutinfc.ios.GraffitiBoard;
				PRODUCT_NAME = "$(TARGET_NAME)";
				SWIFT_VERSION = 3.0;
			};
			name = Debug;
		};
		1C78D4971F0CC243008293C0 /* Release */ = {
			isa = XCBuildConfiguration;
			baseConfigurationReference = 9917A323A3A7BD4CDEF6A874 /* Pods-GraffitiBoard.release.xcconfig */;
			buildSettings = {
				ASSETCATALOG_COMPILER_APPICON_NAME = AppIcon;
				DEVELOPMENT_TEAM = LESN4U5NE7;
				INFOPLIST_FILE = GraffitiBoard/Info.plist;
				LD_RUNPATH_SEARCH_PATHS = "$(inherited) @executable_path/Frameworks";
				PRODUCT_BUNDLE_IDENTIFIER = com.rutinfc.ios.GraffitiBoard;
				PRODUCT_NAME = "$(TARGET_NAME)";
				SWIFT_VERSION = 3.0;
			};
			name = Release;
		};
		1C78D4991F0CC243008293C0 /* Debug */ = {
			isa = XCBuildConfiguration;
			baseConfigurationReference = E9C705D2344380E7A562CDF7 /* Pods-GraffitiBoardTests.debug.xcconfig */;
			buildSettings = {
				ALWAYS_EMBED_SWIFT_STANDARD_LIBRARIES = YES;
				BUNDLE_LOADER = "$(TEST_HOST)";
				DEVELOPMENT_TEAM = LESN4U5NE7;
				INFOPLIST_FILE = GraffitiBoardTests/Info.plist;
				LD_RUNPATH_SEARCH_PATHS = "$(inherited) @executable_path/Frameworks @loader_path/Frameworks";
				PRODUCT_BUNDLE_IDENTIFIER = com.rutinfc.ios.GraffitiBoardTests;
				PRODUCT_NAME = "$(TARGET_NAME)";
				SWIFT_VERSION = 3.0;
				TEST_HOST = "$(BUILT_PRODUCTS_DIR)/GraffitiBoard.app/GraffitiBoard";
			};
			name = Debug;
		};
		1C78D49A1F0CC243008293C0 /* Release */ = {
			isa = XCBuildConfiguration;
			baseConfigurationReference = 9CDE0E16D2107FF6657A7E3F /* Pods-GraffitiBoardTests.release.xcconfig */;
			buildSettings = {
				ALWAYS_EMBED_SWIFT_STANDARD_LIBRARIES = YES;
				BUNDLE_LOADER = "$(TEST_HOST)";
				DEVELOPMENT_TEAM = LESN4U5NE7;
				INFOPLIST_FILE = GraffitiBoardTests/Info.plist;
				LD_RUNPATH_SEARCH_PATHS = "$(inherited) @executable_path/Frameworks @loader_path/Frameworks";
				PRODUCT_BUNDLE_IDENTIFIER = com.rutinfc.ios.GraffitiBoardTests;
				PRODUCT_NAME = "$(TARGET_NAME)";
				SWIFT_VERSION = 3.0;
				TEST_HOST = "$(BUILT_PRODUCTS_DIR)/GraffitiBoard.app/GraffitiBoard";
			};
			name = Release;
		};
/* End XCBuildConfiguration section */

/* Begin XCConfigurationList section */
		1C78D4701F0CC243008293C0 /* Build configuration list for PBXProject "GraffitiBoard" */ = {
			isa = XCConfigurationList;
			buildConfigurations = (
				1C78D4931F0CC243008293C0 /* Debug */,
				1C78D4941F0CC243008293C0 /* Release */,
			);
			defaultConfigurationIsVisible = 0;
			defaultConfigurationName = Release;
		};
		1C78D4951F0CC243008293C0 /* Build configuration list for PBXNativeTarget "GraffitiBoard" */ = {
			isa = XCConfigurationList;
			buildConfigurations = (
				1C78D4961F0CC243008293C0 /* Debug */,
				1C78D4971F0CC243008293C0 /* Release */,
			);
			defaultConfigurationIsVisible = 0;
			defaultConfigurationName = Release;
		};
		1C78D4981F0CC243008293C0 /* Build configuration list for PBXNativeTarget "GraffitiBoardTests" */ = {
			isa = XCConfigurationList;
			buildConfigurations = (
				1C78D4991F0CC243008293C0 /* Debug */,
				1C78D49A1F0CC243008293C0 /* Release */,
			);
			defaultConfigurationIsVisible = 0;
			defaultConfigurationName = Release;
		};
/* End XCConfigurationList section */

/* Begin XCVersionGroup section */
		1C78D47F1F0CC243008293C0 /* GraffitiBoard.xcdatamodeld */ = {
			isa = XCVersionGroup;
			children = (
				1C78D4801F0CC243008293C0 /* GraffitiBoard.xcdatamodel */,
			);
			currentVersion = 1C78D4801F0CC243008293C0 /* GraffitiBoard.xcdatamodel */;
			path = GraffitiBoard.xcdatamodeld;
			sourceTree = "<group>";
			versionGroupType = wrapper.xcdatamodel;
		};
/* End XCVersionGroup section */
	};
	rootObject = 1C78D46D1F0CC243008293C0 /* Project object */;
}
